
Microsoft Visual Studio Solution File, Format Version 12.00
# Visual Studio Version 16
VisualStudioVersion = 16.0.30611.23
MinimumVisualStudioVersion = 10.0.40219.1
Project("{9A19103F-16F7-4668-BE54-9A1E7A4F7556}") = "EduHomeASPNET", "EduHomeASPNET\EduHomeASPNET.csproj", "{ED0EAFA2-80C6-48F2-A64B-EA513B42F87C}"
EndProject
Project("{2150E333-8FDC-42A3-9474-1A3956D46DE8}") = "Solution Items", "Solution Items", "{C76D3EB8-5478-4270-A095-C99AD98AA119}"
	ProjectSection(SolutionItems) = preProject
		.editorconfig = .editorconfig
	EndProjectSection
EndProject
Global
	GlobalSection(SolutionConfigurationPlatforms) = preSolution
		Debug|Any CPU = Debug|Any CPU
		Release|Any CPU = Release|Any CPU
	EndGlobalSection
	GlobalSection(ProjectConfigurationPlatforms) = postSolution
		{ED0EAFA2-80C6-48F2-A64B-EA513B42F87C}.Debug|Any CPU.ActiveCfg = Debug|Any CPU
		{ED0EAFA2-80C6-48F2-A64B-EA513B42F87C}.Debug|Any CPU.Build.0 = Debug|Any CPU
		{ED0EAFA2-80C6-48F2-A64B-EA513B42F87C}.Release|Any CPU.ActiveCfg = Release|Any CPU
		{ED0EAFA2-80C6-48F2-A64B-EA513B42F87C}.Release|Any CPU.Build.0 = Release|Any CPU
	EndGlobalSection
	GlobalSection(SolutionProperties) = preSolution
		HideSolutionNode = FALSE
	EndGlobalSection
	GlobalSection(ExtensibilityGlobals) = postSolution
		SolutionGuid = {4994FDBF-4477-456D-8BF1-E17B1EE29CA7}
	EndGlobalSection
EndGlobal
